
Microsoft Visual Studio Solution File, Format Version 12.00
# Visual Studio Version 17
VisualStudioVersion = 17.5.33530.505
MinimumVisualStudioVersion = 10.0.40219.1
Project("{FAE04EC0-301F-11D3-BF4B-00C04F79EFBC}") = "Ravi_MscIT_WebAPI", "Ravi_MscIT_WebAPI.csproj", "{062C62C7-C346-4406-B661-BE109D762105}"
EndProject
Global
	GlobalSection(SolutionConfigurationPlatforms) = preSolution
		Debug|Any CPU = Debug|Any CPU
		Release|Any CPU = Release|Any CPU
	EndGlobalSection
	GlobalSection(ProjectConfigurationPlatforms) = postSolution
		{062C62C7-C346-4406-B661-BE109D762105}.Debug|Any CPU.ActiveCfg = Debug|Any CPU
		{062C62C7-C346-4406-B661-BE109D762105}.Debug|Any CPU.Build.0 = Debug|Any CPU
		{062C62C7-C346-4406-B661-BE109D762105}.Release|Any CPU.ActiveCfg = Release|Any CPU
		{062C62C7-C346-4406-B661-BE109D762105}.Release|Any CPU.Build.0 = Release|Any CPU
	EndGlobalSection
	GlobalSection(SolutionProperties) = preSolution
		HideSolutionNode = FALSE
	EndGlobalSection
	GlobalSection(ExtensibilityGlobals) = postSolution
		SolutionGuid = {7FFD7F72-2FB7-4A1B-B267-8C15C842177E}
	EndGlobalSection
EndGlobal
